// !$*UTF8*$!
{
	archiveVersion = 1;
	classes = {
	};
	objectVersion = 46;
	objects = {

/* Begin PBXBuildFile section */
		5F273FFBEC5584226743B6A4 /* Pods_LuckyTask.framework in Frameworks */ = {isa = PBXBuildFile; fileRef = 8E9A361BD767F5453B301633 /* Pods_LuckyTask.framework */; };
		FA63340D1F573CD500C46AAA /* AppDelegate.swift in Sources */ = {isa = PBXBuildFile; fileRef = FA63340C1F573CD500C46AAA /* AppDelegate.swift */; };
		FA63340F1F573CD500C46AAA /* ViewController.swift in Sources */ = {isa = PBXBuildFile; fileRef = FA63340E1F573CD500C46AAA /* ViewController.swift */; };
		FA6334121F573CD500C46AAA /* Main.storyboard in Resources */ = {isa = PBXBuildFile; fileRef = FA6334101F573CD500C46AAA /* Main.storyboard */; };
		FA6334141F573CD500C46AAA /* Assets.xcassets in Resources */ = {isa = PBXBuildFile; fileRef = FA6334131F573CD500C46AAA /* Assets.xcassets */; };
		FA6334171F573CD500C46AAA /* LaunchScreen.storyboard in Resources */ = {isa = PBXBuildFile; fileRef = FA6334151F573CD500C46AAA /* LaunchScreen.storyboard */; };
		FA63341F1F573FD100C46AAA /* NetworkManager.swift in Sources */ = {isa = PBXBuildFile; fileRef = FA63341E1F573FD100C46AAA /* NetworkManager.swift */; };
		FA6334211F5747D800C46AAA /* Constants.swift in Sources */ = {isa = PBXBuildFile; fileRef = FA6334201F5747D800C46AAA /* Constants.swift */; };
		FA6334231F574BFF00C46AAA /* ListManager.swift in Sources */ = {isa = PBXBuildFile; fileRef = FA6334221F574BFF00C46AAA /* ListManager.swift */; };
		FA6334251F574CC800C46AAA /* Country.swift in Sources */ = {isa = PBXBuildFile; fileRef = FA6334241F574CC800C46AAA /* Country.swift */; };
		FA6334271F574D1B00C46AAA /* RootModel.swift in Sources */ = {isa = PBXBuildFile; fileRef = FA6334261F574D1B00C46AAA /* RootModel.swift */; };
		FA63342B1F5754DA00C46AAA /* Airport.swift in Sources */ = {isa = PBXBuildFile; fileRef = FA63342A1F5754DA00C46AAA /* Airport.swift */; };
		FA63342D1F575AAD00C46AAA /* CountriesTableViewController.swift in Sources */ = {isa = PBXBuildFile; fileRef = FA63342C1F575AAD00C46AAA /* CountriesTableViewController.swift */; };
		FA63342F1F575B8F00C46AAA /* ListCustomCell.swift in Sources */ = {isa = PBXBuildFile; fileRef = FA63342E1F575B8F00C46AAA /* ListCustomCell.swift */; };
		FA6334351F57644C00C46AAA /* AirportTableViewController.swift in Sources */ = {isa = PBXBuildFile; fileRef = FA6334341F57644C00C46AAA /* AirportTableViewController.swift */; };
/* End PBXBuildFile section */

/* Begin PBXFileReference section */
		2DAB78613663B72EB1FD1A5B /* Pods-LuckyTask.release.xcconfig */ = {isa = PBXFileReference; includeInIndex = 1; lastKnownFileType = text.xcconfig; name = "Pods-LuckyTask.release.xcconfig"; path = "Pods/Target Support Files/Pods-LuckyTask/Pods-LuckyTask.release.xcconfig"; sourceTree = "<group>"; };
		89A1715F0EBA046DDA19FEB5 /* Pods-LuckyTask.debug.xcconfig */ = {isa = PBXFileReference; includeInIndex = 1; lastKnownFileType = text.xcconfig; name = "Pods-LuckyTask.debug.xcconfig"; path = "Pods/Target Support Files/Pods-LuckyTask/Pods-LuckyTask.debug.xcconfig"; sourceTree = "<group>"; };
		8E9A361BD767F5453B301633 /* Pods_LuckyTask.framework */ = {isa = PBXFileReference; explicitFileType = wrapper.framework; includeInIndex = 0; path = Pods_LuckyTask.framework; sourceTree = BUILT_PRODUCTS_DIR; };
		FA6334091F573CD500C46AAA /* LuckyTask.app */ = {isa = PBXFileReference; explicitFileType = wrapper.application; includeInIndex = 0; path = LuckyTask.app; sourceTree = BUILT_PRODUCTS_DIR; };
		FA63340C1F573CD500C46AAA /* AppDelegate.swift */ = {isa = PBXFileReference; lastKnownFileType = sourcecode.swift; path = AppDelegate.swift; sourceTree = "<group>"; };
		FA63340E1F573CD500C46AAA /* ViewController.swift */ = {isa = PBXFileReference; lastKnownFileType = sourcecode.swift; path = ViewController.swift; sourceTree = "<group>"; };
		FA6334111F573CD500C46AAA /* Base */ = {isa = PBXFileReference; lastKnownFileType = file.storyboard; name = Base; path = Base.lproj/Main.storyboard; sourceTree = "<group>"; };
		FA6334131F573CD500C46AAA /* Assets.xcassets */ = {isa = PBXFileReference; lastKnownFileType = folder.assetcatalog; path = Assets.xcassets; sourceTree = "<group>"; };
		FA6334161F573CD500C46AAA /* Base */ = {isa = PBXFileReference; lastKnownFileType = file.storyboard; name = Base; path = Base.lproj/LaunchScreen.storyboard; sourceTree = "<group>"; };
		FA6334181F573CD500C46AAA /* Info.plist */ = {isa = PBXFileReference; lastKnownFileType = text.plist.xml; path = Info.plist; sourceTree = "<group>"; };
		FA63341E1F573FD100C46AAA /* NetworkManager.swift */ = {isa = PBXFileReference; fileEncoding = 4; lastKnownFileType = sourcecode.swift; path = NetworkManager.swift; sourceTree = "<group>"; };
		FA6334201F5747D800C46AAA /* Constants.swift */ = {isa = PBXFileReference; fileEncoding = 4; lastKnownFileType = sourcecode.swift; path = Constants.swift; sourceTree = "<group>"; };
		FA6334221F574BFF00C46AAA /* ListManager.swift */ = {isa = PBXFileReference; fileEncoding = 4; lastKnownFileType = sourcecode.swift; path = ListManager.swift; sourceTree = "<group>"; };
		FA6334241F574CC800C46AAA /* Country.swift */ = {isa = PBXFileReference; fileEncoding = 4; lastKnownFileType = sourcecode.swift; path = Country.swift; sourceTree = "<group>"; };
		FA6334261F574D1B00C46AAA /* RootModel.swift */ = {isa = PBXFileReference; fileEncoding = 4; lastKnownFileType = sourcecode.swift; path = RootModel.swift; sourceTree = "<group>"; };
		FA63342A1F5754DA00C46AAA /* Airport.swift */ = {isa = PBXFileReference; fileEncoding = 4; lastKnownFileType = sourcecode.swift; path = Airport.swift; sourceTree = "<group>"; };
		FA63342C1F575AAD00C46AAA /* CountriesTableViewController.swift */ = {isa = PBXFileReference; fileEncoding = 4; lastKnownFileType = sourcecode.swift; path = CountriesTableViewController.swift; sourceTree = "<group>"; };
		FA63342E1F575B8F00C46AAA /* ListCustomCell.swift */ = {isa = PBXFileReference; fileEncoding = 4; lastKnownFileType = sourcecode.swift; path = ListCustomCell.swift; sourceTree = "<group>"; };
		FA6334341F57644C00C46AAA /* AirportTableViewController.swift */ = {isa = PBXFileReference; fileEncoding = 4; lastKnownFileType = sourcecode.swift; path = AirportTableViewController.swift; sourceTree = "<group>"; };
/* End PBXFileReference section */

/* Begin PBXFrameworksBuildPhase section */
		FA6334061F573CD500C46AAA /* Frameworks */ = {
			isa = PBXFrameworksBuildPhase;
			buildActionMask = 2147483647;
			files = (
				5F273FFBEC5584226743B6A4 /* Pods_LuckyTask.framework in Frameworks */,
			);
			runOnlyForDeploymentPostprocessing = 0;
		};
/* End PBXFrameworksBuildPhase section */

/* Begin PBXGroup section */
		92C9938F5C35B417387B1294 /* Frameworks */ = {
			isa = PBXGroup;
			children = (
				8E9A361BD767F5453B301633 /* Pods_LuckyTask.framework */,
			);
			name = Frameworks;
			sourceTree = "<group>";
		};
		E0D806E343499F5F945449E9 /* Pods */ = {
			isa = PBXGroup;
			children = (
				89A1715F0EBA046DDA19FEB5 /* Pods-LuckyTask.debug.xcconfig */,
				2DAB78613663B72EB1FD1A5B /* Pods-LuckyTask.release.xcconfig */,
			);
			name = Pods;
			sourceTree = "<group>";
		};
		FA6334001F573CD500C46AAA = {
			isa = PBXGroup;
			children = (
				FA63340B1F573CD500C46AAA /* LuckyTask */,
				FA63340A1F573CD500C46AAA /* Products */,
				E0D806E343499F5F945449E9 /* Pods */,
				92C9938F5C35B417387B1294 /* Frameworks */,
			);
			sourceTree = "<group>";
		};
		FA63340A1F573CD500C46AAA /* Products */ = {
			isa = PBXGroup;
			children = (
				FA6334091F573CD500C46AAA /* LuckyTask.app */,
			);
			name = Products;
			sourceTree = "<group>";
		};
		FA63340B1F573CD500C46AAA /* LuckyTask */ = {
			isa = PBXGroup;
			children = (
				FA6334361F576CAB00C46AAA /* MVC */,
				FA63340C1F573CD500C46AAA /* AppDelegate.swift */,
				FA6334131F573CD500C46AAA /* Assets.xcassets */,
				FA6334181F573CD500C46AAA /* Info.plist */,
			);
			path = LuckyTask;
			sourceTree = "<group>";
		};
		FA6334361F576CAB00C46AAA /* MVC */ = {
			isa = PBXGroup;
			children = (
				FA63343A1F576CC300C46AAA /* Managers */,
				FA6334391F576CBB00C46AAA /* Controller */,
				FA6334381F576CB600C46AAA /* View */,
				FA6334371F576CB100C46AAA /* Model */,
			);
			name = MVC;
			sourceTree = "<group>";
		};
		FA6334371F576CB100C46AAA /* Model */ = {
			isa = PBXGroup;
			children = (
				FA6334261F574D1B00C46AAA /* RootModel.swift */,
				FA6334241F574CC800C46AAA /* Country.swift */,
				FA63342A1F5754DA00C46AAA /* Airport.swift */,
			);
			name = Model;
			sourceTree = "<group>";
		};
		FA6334381F576CB600C46AAA /* View */ = {
			isa = PBXGroup;
			children = (
				FA6334151F573CD500C46AAA /* LaunchScreen.storyboard */,
				FA6334101F573CD500C46AAA /* Main.storyboard */,
				FA63343B1F576CE100C46AAA /* CustomCell */,
			);
			name = View;
			sourceTree = "<group>";
		};
		FA6334391F576CBB00C46AAA /* Controller */ = {
			isa = PBXGroup;
			children = (
				FA63340E1F573CD500C46AAA /* ViewController.swift */,
				FA63342C1F575AAD00C46AAA /* CountriesTableViewController.swift */,
				FA6334341F57644C00C46AAA /* AirportTableViewController.swift */,
			);
			name = Controller;
			sourceTree = "<group>";
		};
		FA63343A1F576CC300C46AAA /* Managers */ = {
			isa = PBXGroup;
			children = (
				FA63341E1F573FD100C46AAA /* NetworkManager.swift */,
				FA6334201F5747D800C46AAA /* Constants.swift */,
				FA6334221F574BFF00C46AAA /* ListManager.swift */,
			);
			name = Managers;
			sourceTree = "<group>";
		};
		FA63343B1F576CE100C46AAA /* CustomCell */ = {
			isa = PBXGroup;
			children = (
				FA63342E1F575B8F00C46AAA /* ListCustomCell.swift */,
			);
			name = CustomCell;
			sourceTree = "<group>";
		};
/* End PBXGroup section */

/* Begin PBXNativeTarget section */
		FA6334081F573CD500C46AAA /* LuckyTask */ = {
			isa = PBXNativeTarget;
			buildConfigurationList = FA63341B1F573CD500C46AAA /* Build configuration list for PBXNativeTarget "LuckyTask" */;
			buildPhases = (
				144506D87CBFA42D1A573FD2 /* [CP] Check Pods Manifest.lock */,
				FA6334051F573CD500C46AAA /* Sources */,
				FA6334061F573CD500C46AAA /* Frameworks */,
				FA6334071F573CD500C46AAA /* Resources */,
				6FA818E659C4DBAA83061F30 /* [CP] Embed Pods Frameworks */,
				D60681B55A33F3A960E9A935 /* [CP] Copy Pods Resources */,
			);
			buildRules = (
			);
			dependencies = (
			);
			name = LuckyTask;
			productName = LuckyTask;
			productReference = FA6334091F573CD500C46AAA /* LuckyTask.app */;
			productType = "com.apple.product-type.application";
		};
/* End PBXNativeTarget section */

/* Begin PBXProject section */
		FA6334011F573CD500C46AAA /* Project object */ = {
			isa = PBXProject;
			attributes = {
				LastSwiftUpdateCheck = 0830;
				LastUpgradeCheck = 0830;
				ORGANIZATIONNAME = "Abdalla Odat";
				TargetAttributes = {
					FA6334081F573CD500C46AAA = {
						CreatedOnToolsVersion = 8.3.3;
						ProvisioningStyle = Automatic;
					};
				};
			};
			buildConfigurationList = FA6334041F573CD500C46AAA /* Build configuration list for PBXProject "LuckyTask" */;
			compatibilityVersion = "Xcode 3.2";
			developmentRegion = English;
			hasScannedForEncodings = 0;
			knownRegions = (
				en,
				Base,
			);
			mainGroup = FA6334001F573CD500C46AAA;
			productRefGroup = FA63340A1F573CD500C46AAA /* Products */;
			projectDirPath = "";
			projectRoot = "";
			targets = (
				FA6334081F573CD500C46AAA /* LuckyTask */,
			);
		};
/* End PBXProject section */

/* Begin PBXResourcesBuildPhase section */
		FA6334071F573CD500C46AAA /* Resources */ = {
			isa = PBXResourcesBuildPhase;
			buildActionMask = 2147483647;
			files = (
				FA6334171F573CD500C46AAA /* LaunchScreen.storyboard in Resources */,
				FA6334141F573CD500C46AAA /* Assets.xcassets in Resources */,
				FA6334121F573CD500C46AAA /* Main.storyboard in Resources */,
			);
			runOnlyForDeploymentPostprocessing = 0;
		};
/* End PBXResourcesBuildPhase section */

/* Begin PBXShellScriptBuildPhase section */
		144506D87CBFA42D1A573FD2 /* [CP] Check Pods Manifest.lock */ = {
			isa = PBXShellScriptBuildPhase;
			buildActionMask = 2147483647;
			files = (
			);
			inputPaths = (
			);
			name = "[CP] Check Pods Manifest.lock";
			outputPaths = (
			);
			runOnlyForDeploymentPostprocessing = 0;
			shellPath = /bin/sh;
			shellScript = "diff \"${PODS_PODFILE_DIR_PATH}/Podfile.lock\" \"${PODS_ROOT}/Manifest.lock\" > /dev/null\nif [ $? != 0 ] ; then\n    # print error to STDERR\n    echo \"error: The sandbox is not in sync with the Podfile.lock. Run 'pod install' or update your CocoaPods installation.\" >&2\n    exit 1\nfi\n";
			showEnvVarsInLog = 0;
		};
		6FA818E659C4DBAA83061F30 /* [CP] Embed Pods Frameworks */ = {
			isa = PBXShellScriptBuildPhase;
			buildActionMask = 2147483647;
			files = (
			);
			inputPaths = (
			);
			name = "[CP] Embed Pods Frameworks";
			outputPaths = (
			);
			runOnlyForDeploymentPostprocessing = 0;
			shellPath = /bin/sh;
			shellScript = "\"${SRCROOT}/Pods/Target Support Files/Pods-LuckyTask/Pods-LuckyTask-frameworks.sh\"\n";
			showEnvVarsInLog = 0;
		};
		D60681B55A33F3A960E9A935 /* [CP] Copy Pods Resources */ = {
			isa = PBXShellScriptBuildPhase;
			buildActionMask = 2147483647;
			files = (
			);
			inputPaths = (
			);
			name = "[CP] Copy Pods Resources";
			outputPaths = (
			);
			runOnlyForDeploymentPostprocessing = 0;
			shellPath = /bin/sh;
			shellScript = "\"${SRCROOT}/Pods/Target Support Files/Pods-LuckyTask/Pods-LuckyTask-resources.sh\"\n";
			showEnvVarsInLog = 0;
		};
/* End PBXShellScriptBuildPhase section */

/* Begin PBXSourcesBuildPhase section */
		FA6334051F573CD500C46AAA /* Sources */ = {
			isa = PBXSourcesBuildPhase;
			buildActionMask = 2147483647;
			files = (
				FA63341F1F573FD100C46AAA /* NetworkManager.swift in Sources */,
				FA63342F1F575B8F00C46AAA /* ListCustomCell.swift in Sources */,
				FA63342B1F5754DA00C46AAA /* Airport.swift in Sources */,
				FA63340F1F573CD500C46AAA /* ViewController.swift in Sources */,
				FA6334271F574D1B00C46AAA /* RootModel.swift in Sources */,
				FA63342D1F575AAD00C46AAA /* CountriesTableViewController.swift in Sources */,
				FA63340D1F573CD500C46AAA /* AppDelegate.swift in Sources */,
				FA6334231F574BFF00C46AAA /* ListManager.swift in Sources */,
				FA6334251F574CC800C46AAA /* Country.swift in Sources */,
				FA6334211F5747D800C46AAA /* Constants.swift in Sources */,
				FA6334351F57644C00C46AAA /* AirportTableViewController.swift in Sources */,
			);
			runOnlyForDeploymentPostprocessing = 0;
		};
/* End PBXSourcesBuildPhase section */

/* Begin PBXVariantGroup section */
		FA6334101F573CD500C46AAA /* Main.storyboard */ = {
			isa = PBXVariantGroup;
			children = (
				FA6334111F573CD500C46AAA /* Base */,
			);
			name = Main.storyboard;
			sourceTree = "<group>";
		};
		FA6334151F573CD500C46AAA /* LaunchScreen.storyboard */ = {
			isa = PBXVariantGroup;
			children = (
				FA6334161F573CD500C46AAA /* Base */,
			);
			name = LaunchScreen.storyboard;
			sourceTree = "<group>";
		};
/* End PBXVariantGroup section */

/* Begin XCBuildConfiguration section */
		FA6334191F573CD500C46AAA /* Debug */ = {
			isa = XCBuildConfiguration;
			buildSettings = {
				ALWAYS_SEARCH_USER_PATHS = NO;
				CLANG_ANALYZER_NONNULL = YES;
				CLANG_ANALYZER_NUMBER_OBJECT_CONVERSION = YES_AGGRESSIVE;
				CLANG_CXX_LANGUAGE_STANDARD = "gnu++0x";
				CLANG_CXX_LIBRARY = "libc++";
				CLANG_ENABLE_MODULES = YES;
				CLANG_ENABLE_OBJC_ARC = YES;
				CLANG_WARN_BOOL_CONVERSION = YES;
				CLANG_WARN_CONSTANT_CONVERSION = YES;
				CLANG_WARN_DIRECT_OBJC_ISA_USAGE = YES_ERROR;
				CLANG_WARN_DOCUMENTATION_COMMENTS = YES;
				CLANG_WARN_EMPTY_BODY = YES;
				CLANG_WARN_ENUM_CONVERSION = YES;
				CLANG_WARN_INFINITE_RECURSION = YES;
				CLANG_WARN_INT_CONVERSION = YES;
				CLANG_WARN_OBJC_ROOT_CLASS = YES_ERROR;
				CLANG_WARN_SUSPICIOUS_MOVE = YES;
				CLANG_WARN_UNREACHABLE_CODE = YES;
				CLANG_WARN__DUPLICATE_METHOD_MATCH = YES;
				"CODE_SIGN_IDENTITY[sdk=iphoneos*]" = "iPhone Developer";
				COPY_PHASE_STRIP = NO;
				DEBUG_INFORMATION_FORMAT = dwarf;
				ENABLE_STRICT_OBJC_MSGSEND = YES;
				ENABLE_TESTABILITY = YES;
				GCC_C_LANGUAGE_STANDARD = gnu99;
				GCC_DYNAMIC_NO_PIC = NO;
				GCC_NO_COMMON_BLOCKS = YES;
				GCC_OPTIMIZATION_LEVEL = 0;
				GCC_PREPROCESSOR_DEFINITIONS = (
					"DEBUG=1",
					"$(inherited)",
				);
				GCC_WARN_64_TO_32_BIT_CONVERSION = YES;
				GCC_WARN_ABOUT_RETURN_TYPE = YES_ERROR;
				GCC_WARN_UNDECLARED_SELECTOR = YES;
				GCC_WARN_UNINITIALIZED_AUTOS = YES_AGGRESSIVE;
				GCC_WARN_UNUSED_FUNCTION = YES;
				GCC_WARN_UNUSED_VARIABLE = YES;
				IPHONEOS_DEPLOYMENT_TARGET = 10.3;
				MTL_ENABLE_DEBUG_INFO = YES;
				ONLY_ACTIVE_ARCH = YES;
				SDKROOT = iphoneos;
				SWIFT_ACTIVE_COMPILATION_CONDITIONS = DEBUG;
				SWIFT_OPTIMIZATION_LEVEL = "-Onone";
			};
			name = Debug;
		};
		FA63341A1F573CD500C46AAA /* Release */ = {
			isa = XCBuildConfiguration;
			buildSettings = {
				ALWAYS_SEARCH_USER_PATHS = NO;
				CLANG_ANALYZER_NONNULL = YES;
				CLANG_ANALYZER_NUMBER_OBJECT_CONVERSION = YES_AGGRESSIVE;
				CLANG_CXX_LANGUAGE_STANDARD = "gnu++0x";
				CLANG_CXX_LIBRARY = "libc++";
				CLANG_ENABLE_MODULES = YES;
				CLANG_ENABLE_OBJC_ARC = YES;
				CLANG_WARN_BOOL_CONVERSION = YES;
				CLANG_WARN_CONSTANT_CONVERSION = YES;
				CLANG_WARN_DIRECT_OBJC_ISA_USAGE = YES_ERROR;
				CLANG_WARN_DOCUMENTATION_COMMENTS = YES;
				CLANG_WARN_EMPTY_BODY = YES;
				CLANG_WARN_ENUM_CONVERSION = YES;
				CLANG_WARN_INFINITE_RECURSION = YES;
				CLANG_WARN_INT_CONVERSION = YES;
				CLANG_WARN_OBJC_ROOT_CLASS = YES_ERROR;
				CLANG_WARN_SUSPICIOUS_MOVE = YES;
				CLANG_WARN_UNREACHABLE_CODE = YES;
				CLANG_WARN__DUPLICATE_METHOD_MATCH = YES;
				"CODE_SIGN_IDENTITY[sdk=iphoneos*]" = "iPhone Developer";
				COPY_PHASE_STRIP = NO;
				DEBUG_INFORMATION_FORMAT = "dwarf-with-dsym";
				ENABLE_NS_ASSERTIONS = NO;
				ENABLE_STRICT_OBJC_MSGSEND = YES;
				GCC_C_LANGUAGE_STANDARD = gnu99;
				GCC_NO_COMMON_BLOCKS = YES;
				GCC_WARN_64_TO_32_BIT_CONVERSION = YES;
				GCC_WARN_ABOUT_RETURN_TYPE = YES_ERROR;
				GCC_WARN_UNDECLARED_SELECTOR = YES;
				GCC_WARN_UNINITIALIZED_AUTOS = YES_AGGRESSIVE;
				GCC_WARN_UNUSED_FUNCTION = YES;
				GCC_WARN_UNUSED_VARIABLE = YES;
				IPHONEOS_DEPLOYMENT_TARGET = 10.3;
				MTL_ENABLE_DEBUG_INFO = NO;
				SDKROOT = iphoneos;
				SWIFT_OPTIMIZATION_LEVEL = "-Owholemodule";
				VALIDATE_PRODUCT = YES;
			};
			name = Release;
		};
		FA63341C1F573CD500C46AAA /* Debug */ = {
			isa = XCBuildConfiguration;
			baseConfigurationReference = 89A1715F0EBA046DDA19FEB5 /* Pods-LuckyTask.debug.xcconfig */;
			buildSettings = {
				ASSETCATALOG_COMPILER_APPICON_NAME = AppIcon;
				INFOPLIST_FILE = LuckyTask/Info.plist;
				LD_RUNPATH_SEARCH_PATHS = "$(inherited) @executable_path/Frameworks";
				PRODUCT_BUNDLE_IDENTIFIER = com.LuckyTask;
				PRODUCT_NAME = "$(TARGET_NAME)";
				SWIFT_VERSION = 3.0;
			};
			name = Debug;
		};
		FA63341D1F573CD500C46AAA /* Release */ = {
			isa = XCBuildConfiguration;
			baseConfigurationReference = 2DAB78613663B72EB1FD1A5B /* Pods-LuckyTask.release.xcconfig */;
			buildSettings = {
				ASSETCATALOG_COMPILER_APPICON_NAME = AppIcon;
				INFOPLIST_FILE = LuckyTask/Info.plist;
				LD_RUNPATH_SEARCH_PATHS = "$(inherited) @executable_path/Frameworks";
				PRODUCT_BUNDLE_IDENTIFIER = com.LuckyTask;
				PRODUCT_NAME = "$(TARGET_NAME)";
				SWIFT_VERSION = 3.0;
			};
			name = Release;
		};
/* End XCBuildConfiguration section */

/* Begin XCConfigurationList section */
		FA6334041F573CD500C46AAA /* Build configuration list for PBXProject "LuckyTask" */ = {
			isa = XCConfigurationList;
			buildConfigurations = (
				FA6334191F573CD500C46AAA /* Debug */,
				FA63341A1F573CD500C46AAA /* Release */,
			);
			defaultConfigurationIsVisible = 0;
			defaultConfigurationName = Release;
		};
		FA63341B1F573CD500C46AAA /* Build configuration list for PBXNativeTarget "LuckyTask" */ = {
			isa = XCConfigurationList;
			buildConfigurations = (
				FA63341C1F573CD500C46AAA /* Debug */,
				FA63341D1F573CD500C46AAA /* Release */,
			);
			defaultConfigurationIsVisible = 0;
			defaultConfigurationName = Release;
		};
/* End XCConfigurationList section */
	};
	rootObject = FA6334011F573CD500C46AAA /* Project object */;
}
